// !$*UTF8*$!
{
	archiveVersion = 1;
	classes = {
	};
	objectVersion = 77;
	objects = {

/* Begin PBXBuildFile section */
		EF2597A32E1A4BD700FA4F18 /* 03_Mini_ISM_Manual.md in Resources */ = {isa = PBXBuildFile; fileRef = EF2597A22E1A4BD700FA4F18 /* 03_Mini_ISM_Manual.md */; };
		EF2597A62E1A4D7800FA4F18 /* Markdown in Frameworks */ = {isa = PBXBuildFile; productRef = EF2597A52E1A4D7800FA4F18 /* Markdown */; };
		EF2597A82E1A4FF800FA4F18 /* MarkdownView.swift in Sources */ = {isa = PBXBuildFile; fileRef = EF2597A72E1A4FF800FA4F18 /* MarkdownView.swift */; };
		EFB0B1232E193A8000C2C218 /* Assets.xcassets in Resources */ = {isa = PBXBuildFile; fileRef = EFB0B11A2E193A8000C2C218 /* Assets.xcassets */; };
		EFB0B1242E193A8000C2C218 /* test.md in Resources */ = {isa = PBXBuildFile; fileRef = EFB0B1212E193A8000C2C218 /* test.md */; };
		EFB0B1262E193A8000C2C218 /* ContentView.swift in Sources */ = {isa = PBXBuildFile; fileRef = EFB0B11B2E193A8000C2C218 /* ContentView.swift */; };
		EFB0B1272E193A8000C2C218 /* EditorView.swift in Sources */ = {isa = PBXBuildFile; fileRef = EFB0B11C2E193A8000C2C218 /* EditorView.swift */; };
		EFB0B1282E193A8000C2C218 /* DebugStructView.swift in Sources */ = {isa = PBXBuildFile; fileRef = EFB0B11D2E193A8000C2C218 /* DebugStructView.swift */; };
		EFB0B12A2E193A8000C2C218 /* MDViewApp.swift in Sources */ = {isa = PBXBuildFile; fileRef = EFB0B11F2E193A8000C2C218 /* MDViewApp.swift */; };
		EFB0B12B2E193A8000C2C218 /* SwiftMardownView.swift in Sources */ = {isa = PBXBuildFile; fileRef = EFB0B1202E193A8000C2C218 /* SwiftMardownView.swift */; };
		EFB0B12F2E193B3400C2C218 /* SMParagraph.swift in Sources */ = {isa = PBXBuildFile; fileRef = EFB0B12E2E193B3400C2C218 /* SMParagraph.swift */; };
		EFB0B1312E193BD300C2C218 /* SMHeading.swift in Sources */ = {isa = PBXBuildFile; fileRef = EFB0B1302E193BD300C2C218 /* SMHeading.swift */; };
		EFB0B1332E193C4D00C2C218 /* SMUnorderedList.swift in Sources */ = {isa = PBXBuildFile; fileRef = EFB0B1322E193C4D00C2C218 /* SMUnorderedList.swift */; };
		EFB0B1352E194D0000C2C218 /* SMBlockquote.swift in Sources */ = {isa = PBXBuildFile; fileRef = EFB0B1342E194D0000C2C218 /* SMBlockquote.swift */; };
		EFB0B1372E19591100C2C218 /* SMTable.swift in Sources */ = {isa = PBXBuildFile; fileRef = EFB0B1362E19591100C2C218 /* SMTable.swift */; };
		EFB0B1392E19786A00C2C218 /* SMCode.swift in Sources */ = {isa = PBXBuildFile; fileRef = EFB0B1382E19786A00C2C218 /* SMCode.swift */; };
		EFB0B13F2E19893200C2C218 /* SMOrderedList.swift in Sources */ = {isa = PBXBuildFile; fileRef = EFB0B13E2E19893200C2C218 /* SMOrderedList.swift */; };
		EFB0B1412E198E1B00C2C218 /* SMImage.swift in Sources */ = {isa = PBXBuildFile; fileRef = EFB0B1402E198E1B00C2C218 /* SMImage.swift */; };
		EFB0B1442E1998B400C2C218 /* Kingfisher in Frameworks */ = {isa = PBXBuildFile; productRef = EFB0B1432E1998B400C2C218 /* Kingfisher */; };
		D1FD32A9393F4216A63BA60A /* SMThematicBreak.swift in Sources */ = {isa = PBXBuildFile; fileRef = D1FD32A9393F4216A63BA60B /* SMThematicBreak.swift */; };
/* End PBXBuildFile section */

/* Begin PBXFileReference section */
		EF2597A22E1A4BD700FA4F18 /* 03_Mini_ISM_Manual.md */ = {isa = PBXFileReference; lastKnownFileType = net.daringfireball.markdown; path = 03_Mini_ISM_Manual.md; sourceTree = "<group>"; };
		EF2597A72E1A4FF800FA4F18 /* MarkdownView.swift */ = {isa = PBXFileReference; lastKnownFileType = sourcecode.swift; path = MarkdownView.swift; sourceTree = "<group>"; };
		EF66AA0C2E18F71400679843 /* MDView.app */ = {isa = PBXFileReference; explicitFileType = wrapper.application; includeInIndex = 0; path = MDView.app; sourceTree = BUILT_PRODUCTS_DIR; };
		EFB0B11A2E193A8000C2C218 /* Assets.xcassets */ = {isa = PBXFileReference; lastKnownFileType = folder.assetcatalog; path = Assets.xcassets; sourceTree = "<group>"; };
		EFB0B11B2E193A8000C2C218 /* ContentView.swift */ = {isa = PBXFileReference; lastKnownFileType = sourcecode.swift; path = ContentView.swift; sourceTree = "<group>"; };
		EFB0B11C2E193A8000C2C218 /* EditorView.swift */ = {isa = PBXFileReference; lastKnownFileType = sourcecode.swift; path = EditorView.swift; sourceTree = "<group>"; };
		EFB0B11D2E193A8000C2C218 /* DebugStructView.swift */ = {isa = PBXFileReference; lastKnownFileType = sourcecode.swift; path = DebugStructView.swift; sourceTree = "<group>"; };
		EFB0B11F2E193A8000C2C218 /* MDViewApp.swift */ = {isa = PBXFileReference; lastKnownFileType = sourcecode.swift; path = MDViewApp.swift; sourceTree = "<group>"; };
		EFB0B1202E193A8000C2C218 /* SwiftMardownView.swift */ = {isa = PBXFileReference; lastKnownFileType = sourcecode.swift; path = SwiftMardownView.swift; sourceTree = "<group>"; };
		EFB0B1212E193A8000C2C218 /* test.md */ = {isa = PBXFileReference; lastKnownFileType = net.daringfireball.markdown; path = test.md; sourceTree = "<group>"; };
		EFB0B12E2E193B3400C2C218 /* SMParagraph.swift */ = {isa = PBXFileReference; lastKnownFileType = sourcecode.swift; path = SMParagraph.swift; sourceTree = "<group>"; };
		EFB0B1302E193BD300C2C218 /* SMHeading.swift */ = {isa = PBXFileReference; lastKnownFileType = sourcecode.swift; path = SMHeading.swift; sourceTree = "<group>"; };
		EFB0B1322E193C4D00C2C218 /* SMUnorderedList.swift */ = {isa = PBXFileReference; lastKnownFileType = sourcecode.swift; path = SMUnorderedList.swift; sourceTree = "<group>"; };
		EFB0B1342E194D0000C2C218 /* SMBlockquote.swift */ = {isa = PBXFileReference; lastKnownFileType = sourcecode.swift; path = SMBlockquote.swift; sourceTree = "<group>"; };
		EFB0B1362E19591100C2C218 /* SMTable.swift */ = {isa = PBXFileReference; lastKnownFileType = sourcecode.swift; path = SMTable.swift; sourceTree = "<group>"; };
		EFB0B1382E19786A00C2C218 /* SMCode.swift */ = {isa = PBXFileReference; lastKnownFileType = sourcecode.swift; path = SMCode.swift; sourceTree = "<group>"; };
		EFB0B13E2E19893200C2C218 /* SMOrderedList.swift */ = {isa = PBXFileReference; lastKnownFileType = sourcecode.swift; path = SMOrderedList.swift; sourceTree = "<group>"; };
		EFB0B1402E198E1B00C2C218 /* SMImage.swift */ = {isa = PBXFileReference; lastKnownFileType = sourcecode.swift; path = SMImage.swift; sourceTree = "<group>"; };
		D1FD32A9393F4216A63BA60B /* SMThematicBreak.swift */ = {isa = PBXFileReference; lastKnownFileType = sourcecode.swift; path = SMThematicBreak.swift; sourceTree = "<group>"; };
/* End PBXFileReference section */

/* Begin PBXFrameworksBuildPhase section */
		EF66AA092E18F71400679843 /* Frameworks */ = {
			isa = PBXFrameworksBuildPhase;
			buildActionMask = 2147483647;
			files = (
				EFB0B1442E1998B400C2C218 /* Kingfisher in Frameworks */,
				EF2597A62E1A4D7800FA4F18 /* Markdown in Frameworks */,
			);
			runOnlyForDeploymentPostprocessing = 0;
		};
/* End PBXFrameworksBuildPhase section */

/* Begin PBXGroup section */
		EF25979D2E1A4A7B00FA4F18 /* PreviewAssets */ = {
			isa = PBXGroup;
			children = (
				EF2597A22E1A4BD700FA4F18 /* 03_Mini_ISM_Manual.md */,
				EFB0B1212E193A8000C2C218 /* test.md */,
			);
			path = PreviewAssets;
			sourceTree = "<group>";
		};
		EF25979E2E1A4A9800FA4F18 /* App */ = {
			isa = PBXGroup;
			children = (
				EFB0B11F2E193A8000C2C218 /* MDViewApp.swift */,
			);
			path = App;
			sourceTree = "<group>";
		};
		EF25979F2E1A4AE100FA4F18 /* Views */ = {
			isa = PBXGroup;
			children = (
				EFB0B11B2E193A8000C2C218 /* ContentView.swift */,
				EFB0B11C2E193A8000C2C218 /* EditorView.swift */,
				EFB0B11D2E193A8000C2C218 /* DebugStructView.swift */,
				EF2597A72E1A4FF800FA4F18 /* MarkdownView.swift */,
			);
			path = Views;
			sourceTree = "<group>";
		};
		EF66AA032E18F71300679843 = {
			isa = PBXGroup;
			children = (
				EFB0B1222E193A8000C2C218 /* MDView */,
				EF66AA0D2E18F71400679843 /* Products */,
			);
			sourceTree = "<group>";
		};
		EF66AA0D2E18F71400679843 /* Products */ = {
			isa = PBXGroup;
			children = (
				EF66AA0C2E18F71400679843 /* MDView.app */,
			);
			name = Products;
			sourceTree = "<group>";
		};
		EFB0B1222E193A8000C2C218 /* MDView */ = {
			isa = PBXGroup;
			children = (
				EF25979E2E1A4A9800FA4F18 /* App */,
				EF25979F2E1A4AE100FA4F18 /* Views */,
				EFB0B12C2E193A8500C2C218 /* MDView */,
				EF25979D2E1A4A7B00FA4F18 /* PreviewAssets */,
				EFB0B11A2E193A8000C2C218 /* Assets.xcassets */,
			);
			path = MDView;
			sourceTree = "<group>";
		};
		EFB0B12C2E193A8500C2C218 /* MDView */ = {
			isa = PBXGroup;
			children = (
				EFB0B1202E193A8000C2C218 /* SwiftMardownView.swift */,
				EFB0B12D2E193B0200C2C218 /* Blocks */,
			);
			path = MDView;
			sourceTree = "<group>";
		};
		EFB0B12D2E193B0200C2C218 /* Blocks */ = {
			isa = PBXGroup;
			children = (
				EFB0B12E2E193B3400C2C218 /* SMParagraph.swift */,
				EFB0B1382E19786A00C2C218 /* SMCode.swift */,
				EFB0B1362E19591100C2C218 /* SMTable.swift */,
				EFB0B1302E193BD300C2C218 /* SMHeading.swift */,
				EFB0B1322E193C4D00C2C218 /* SMUnorderedList.swift */,
				EFB0B13E2E19893200C2C218 /* SMOrderedList.swift */,
				EFB0B1342E194D0000C2C218 /* SMBlockquote.swift */,
				EFB0B1402E198E1B00C2C218 /* SMImage.swift */,
				D1FD32A9393F4216A63BA60B /* SMThematicBreak.swift */,
			);
			path = Blocks;
			sourceTree = "<group>";
		};
/* End PBXGroup section */

/* Begin PBXNativeTarget section */
		EF66AA0B2E18F71400679843 /* MDView */ = {
			isa = PBXNativeTarget;
			buildConfigurationList = EF66AA172E18F71500679843 /* Build configuration list for PBXNativeTarget "MDView" */;
			buildPhases = (
				EF66AA082E18F71400679843 /* Sources */,
				EF66AA092E18F71400679843 /* Frameworks */,
				EF66AA0A2E18F71400679843 /* Resources */,
			);
			buildRules = (
			);
			dependencies = (
			);
			name = MDView;
			packageProductDependencies = (
				EFB0B1432E1998B400C2C218 /* Kingfisher */,
				EF2597A52E1A4D7800FA4F18 /* Markdown */,
			);
			productName = MDView;
			productReference = EF66AA0C2E18F71400679843 /* MDView.app */;
			productType = "com.apple.product-type.application";
		};
/* End PBXNativeTarget section */

/* Begin PBXProject section */
		EF66AA042E18F71300679843 /* Project object */ = {
			isa = PBXProject;
			attributes = {
				BuildIndependentTargetsInParallel = 1;
				LastSwiftUpdateCheck = 2600;
				LastUpgradeCheck = 2600;
				TargetAttributes = {
					EF66AA0B2E18F71400679843 = {
						CreatedOnToolsVersion = 26.0;
					};
				};
			};
			buildConfigurationList = EF66AA072E18F71300679843 /* Build configuration list for PBXProject "MDView" */;
			developmentRegion = en;
			hasScannedForEncodings = 0;
			knownRegions = (
				en,
				Base,
			);
			mainGroup = EF66AA032E18F71300679843;
			minimizedProjectReferenceProxies = 1;
			packageReferences = (
				EFB0B1422E1998B400C2C218 /* XCRemoteSwiftPackageReference "Kingfisher" */,
				EF2597A42E1A4D7800FA4F18 /* XCRemoteSwiftPackageReference "swift-markdown" */,
			);
			preferredProjectObjectVersion = 77;
			productRefGroup = EF66AA0D2E18F71400679843 /* Products */;
			projectDirPath = "";
			projectRoot = "";
			targets = (
				EF66AA0B2E18F71400679843 /* MDView */,
			);
		};
/* End PBXProject section */

/* Begin PBXResourcesBuildPhase section */
		EF66AA0A2E18F71400679843 /* Resources */ = {
			isa = PBXResourcesBuildPhase;
			buildActionMask = 2147483647;
			files = (
				EF2597A32E1A4BD700FA4F18 /* 03_Mini_ISM_Manual.md in Resources */,
				EFB0B1232E193A8000C2C218 /* Assets.xcassets in Resources */,
				EFB0B1242E193A8000C2C218 /* test.md in Resources */,
			);
			runOnlyForDeploymentPostprocessing = 0;
		};
/* End PBXResourcesBuildPhase section */

/* Begin PBXSourcesBuildPhase section */
		EF66AA082E18F71400679843 /* Sources */ = {
			isa = PBXSourcesBuildPhase;
			buildActionMask = 2147483647;
			files = (
				EFB0B1262E193A8000C2C218 /* ContentView.swift in Sources */,
				EFB0B13F2E19893200C2C218 /* SMOrderedList.swift in Sources */,
				EFB0B1372E19591100C2C218 /* SMTable.swift in Sources */,
				EFB0B1332E193C4D00C2C218 /* SMUnorderedList.swift in Sources */,
				EFB0B12F2E193B3400C2C218 /* SMParagraph.swift in Sources */,
				EF2597A82E1A4FF800FA4F18 /* MarkdownView.swift in Sources */,
				EFB0B1272E193A8000C2C218 /* EditorView.swift in Sources */,
				EFB0B1312E193BD300C2C218 /* SMHeading.swift in Sources */,
				EFB0B1282E193A8000C2C218 /* DebugStructView.swift in Sources */,
				EFB0B1412E198E1B00C2C218 /* SMImage.swift in Sources */,
				EFB0B1352E194D0000C2C218 /* SMBlockquote.swift in Sources */,
				EFB0B12A2E193A8000C2C218 /* MDViewApp.swift in Sources */,
				D1FD32A9393F4216A63BA60A /* SMThematicBreak.swift in Sources */,
				EFB0B1392E19786A00C2C218 /* SMCode.swift in Sources */,
				EFB0B12B2E193A8000C2C218 /* SwiftMardownView.swift in Sources */,
			);
			runOnlyForDeploymentPostprocessing = 0;
		};
/* End PBXSourcesBuildPhase section */

/* Begin XCBuildConfiguration section */
		EF66AA152E18F71500679843 /* Debug */ = {
			isa = XCBuildConfiguration;
			buildSettings = {
				ALWAYS_SEARCH_USER_PATHS = NO;
				ASSETCATALOG_COMPILER_GENERATE_SWIFT_ASSET_SYMBOL_EXTENSIONS = YES;
				CLANG_ANALYZER_NONNULL = YES;
				CLANG_ANALYZER_NUMBER_OBJECT_CONVERSION = YES_AGGRESSIVE;
				CLANG_CXX_LANGUAGE_STANDARD = "gnu++20";
				CLANG_ENABLE_MODULES = YES;
				CLANG_ENABLE_OBJC_ARC = YES;
				CLANG_ENABLE_OBJC_WEAK = YES;
				CLANG_WARN_BLOCK_CAPTURE_AUTORELEASING = YES;
				CLANG_WARN_BOOL_CONVERSION = YES;
				CLANG_WARN_COMMA = YES;
				CLANG_WARN_CONSTANT_CONVERSION = YES;
				CLANG_WARN_DEPRECATED_OBJC_IMPLEMENTATIONS = YES;
				CLANG_WARN_DIRECT_OBJC_ISA_USAGE = YES_ERROR;
				CLANG_WARN_DOCUMENTATION_COMMENTS = YES;
				CLANG_WARN_EMPTY_BODY = YES;
				CLANG_WARN_ENUM_CONVERSION = YES;
				CLANG_WARN_INFINITE_RECURSION = YES;
				CLANG_WARN_INT_CONVERSION = YES;
				CLANG_WARN_NON_LITERAL_NULL_CONVERSION = YES;
				CLANG_WARN_OBJC_IMPLICIT_RETAIN_SELF = YES;
				CLANG_WARN_OBJC_LITERAL_CONVERSION = YES;
				CLANG_WARN_OBJC_ROOT_CLASS = YES_ERROR;
				CLANG_WARN_QUOTED_INCLUDE_IN_FRAMEWORK_HEADER = YES;
				CLANG_WARN_RANGE_LOOP_ANALYSIS = YES;
				CLANG_WARN_STRICT_PROTOTYPES = YES;
				CLANG_WARN_SUSPICIOUS_MOVE = YES;
				CLANG_WARN_UNGUARDED_AVAILABILITY = YES_AGGRESSIVE;
				CLANG_WARN_UNREACHABLE_CODE = YES;
				CLANG_WARN__DUPLICATE_METHOD_MATCH = YES;
				COPY_PHASE_STRIP = NO;
				DEBUG_INFORMATION_FORMAT = dwarf;
				DEVELOPMENT_TEAM = AFN965WVDV;
				ENABLE_STRICT_OBJC_MSGSEND = YES;
				ENABLE_TESTABILITY = YES;
				ENABLE_USER_SCRIPT_SANDBOXING = YES;
				GCC_C_LANGUAGE_STANDARD = gnu17;
				GCC_DYNAMIC_NO_PIC = NO;
				GCC_NO_COMMON_BLOCKS = YES;
				GCC_OPTIMIZATION_LEVEL = 0;
				GCC_PREPROCESSOR_DEFINITIONS = (
					"DEBUG=1",
					"$(inherited)",
				);
				GCC_WARN_64_TO_32_BIT_CONVERSION = YES;
				GCC_WARN_ABOUT_RETURN_TYPE = YES_ERROR;
				GCC_WARN_UNDECLARED_SELECTOR = YES;
				GCC_WARN_UNINITIALIZED_AUTOS = YES_AGGRESSIVE;
				GCC_WARN_UNUSED_FUNCTION = YES;
				GCC_WARN_UNUSED_VARIABLE = YES;
				LOCALIZATION_PREFERS_STRING_CATALOGS = YES;
				MTL_ENABLE_DEBUG_INFO = INCLUDE_SOURCE;
				MTL_FAST_MATH = YES;
				ONLY_ACTIVE_ARCH = YES;
				SWIFT_ACTIVE_COMPILATION_CONDITIONS = "DEBUG $(inherited)";
				SWIFT_OPTIMIZATION_LEVEL = "-Onone";
			};
			name = Debug;
		};
		EF66AA162E18F71500679843 /* Release */ = {
			isa = XCBuildConfiguration;
			buildSettings = {
				ALWAYS_SEARCH_USER_PATHS = NO;
				ASSETCATALOG_COMPILER_GENERATE_SWIFT_ASSET_SYMBOL_EXTENSIONS = YES;
				CLANG_ANALYZER_NONNULL = YES;
				CLANG_ANALYZER_NUMBER_OBJECT_CONVERSION = YES_AGGRESSIVE;
				CLANG_CXX_LANGUAGE_STANDARD = "gnu++20";
				CLANG_ENABLE_MODULES = YES;
				CLANG_ENABLE_OBJC_ARC = YES;
				CLANG_ENABLE_OBJC_WEAK = YES;
				CLANG_WARN_BLOCK_CAPTURE_AUTORELEASING = YES;
				CLANG_WARN_BOOL_CONVERSION = YES;
				CLANG_WARN_COMMA = YES;
				CLANG_WARN_CONSTANT_CONVERSION = YES;
				CLANG_WARN_DEPRECATED_OBJC_IMPLEMENTATIONS = YES;
				CLANG_WARN_DIRECT_OBJC_ISA_USAGE = YES_ERROR;
				CLANG_WARN_DOCUMENTATION_COMMENTS = YES;
				CLANG_WARN_EMPTY_BODY = YES;
				CLANG_WARN_ENUM_CONVERSION = YES;
				CLANG_WARN_INFINITE_RECURSION = YES;
				CLANG_WARN_INT_CONVERSION = YES;
				CLANG_WARN_NON_LITERAL_NULL_CONVERSION = YES;
				CLANG_WARN_OBJC_IMPLICIT_RETAIN_SELF = YES;
				CLANG_WARN_OBJC_LITERAL_CONVERSION = YES;
				CLANG_WARN_OBJC_ROOT_CLASS = YES_ERROR;
				CLANG_WARN_QUOTED_INCLUDE_IN_FRAMEWORK_HEADER = YES;
				CLANG_WARN_RANGE_LOOP_ANALYSIS = YES;
				CLANG_WARN_STRICT_PROTOTYPES = YES;
				CLANG_WARN_SUSPICIOUS_MOVE = YES;
				CLANG_WARN_UNGUARDED_AVAILABILITY = YES_AGGRESSIVE;
				CLANG_WARN_UNREACHABLE_CODE = YES;
				CLANG_WARN__DUPLICATE_METHOD_MATCH = YES;
				COPY_PHASE_STRIP = NO;
				DEBUG_INFORMATION_FORMAT = "dwarf-with-dsym";
				DEVELOPMENT_TEAM = AFN965WVDV;
				ENABLE_NS_ASSERTIONS = NO;
				ENABLE_STRICT_OBJC_MSGSEND = YES;
				ENABLE_USER_SCRIPT_SANDBOXING = YES;
				GCC_C_LANGUAGE_STANDARD = gnu17;
				GCC_NO_COMMON_BLOCKS = YES;
				GCC_WARN_64_TO_32_BIT_CONVERSION = YES;
				GCC_WARN_ABOUT_RETURN_TYPE = YES_ERROR;
				GCC_WARN_UNDECLARED_SELECTOR = YES;
				GCC_WARN_UNINITIALIZED_AUTOS = YES_AGGRESSIVE;
				GCC_WARN_UNUSED_FUNCTION = YES;
				GCC_WARN_UNUSED_VARIABLE = YES;
				LOCALIZATION_PREFERS_STRING_CATALOGS = YES;
				MTL_ENABLE_DEBUG_INFO = NO;
				MTL_FAST_MATH = YES;
				SWIFT_COMPILATION_MODE = wholemodule;
			};
			name = Release;
		};
		EF66AA182E18F71500679843 /* Debug */ = {
			isa = XCBuildConfiguration;
			buildSettings = {
				ASSETCATALOG_COMPILER_APPICON_NAME = AppIcon;
				ASSETCATALOG_COMPILER_GLOBAL_ACCENT_COLOR_NAME = AccentColor;
				CODE_SIGN_STYLE = Automatic;
				CURRENT_PROJECT_VERSION = 1;
				DEVELOPMENT_TEAM = AFN965WVDV;
				ENABLE_APP_SANDBOX = YES;
				ENABLE_HARDENED_RUNTIME = YES;
				ENABLE_PREVIEWS = YES;
				ENABLE_USER_SELECTED_FILES = readonly;
				GENERATE_INFOPLIST_FILE = YES;
				"INFOPLIST_KEY_UIApplicationSceneManifest_Generation[sdk=iphoneos*]" = YES;
				"INFOPLIST_KEY_UIApplicationSceneManifest_Generation[sdk=iphonesimulator*]" = YES;
				"INFOPLIST_KEY_UIApplicationSupportsIndirectInputEvents[sdk=iphoneos*]" = YES;
				"INFOPLIST_KEY_UIApplicationSupportsIndirectInputEvents[sdk=iphonesimulator*]" = YES;
				"INFOPLIST_KEY_UILaunchScreen_Generation[sdk=iphoneos*]" = YES;
				"INFOPLIST_KEY_UILaunchScreen_Generation[sdk=iphonesimulator*]" = YES;
				"INFOPLIST_KEY_UIStatusBarStyle[sdk=iphoneos*]" = UIStatusBarStyleDefault;
				"INFOPLIST_KEY_UIStatusBarStyle[sdk=iphonesimulator*]" = UIStatusBarStyleDefault;
				INFOPLIST_KEY_UISupportedInterfaceOrientations_iPad = "UIInterfaceOrientationPortrait UIInterfaceOrientationPortraitUpsideDown UIInterfaceOrientationLandscapeLeft UIInterfaceOrientationLandscapeRight";
				INFOPLIST_KEY_UISupportedInterfaceOrientations_iPhone = "UIInterfaceOrientationPortrait UIInterfaceOrientationLandscapeLeft UIInterfaceOrientationLandscapeRight";
				IPHONEOS_DEPLOYMENT_TARGET = 26.0;
				LD_RUNPATH_SEARCH_PATHS = "@executable_path/Frameworks";
				"LD_RUNPATH_SEARCH_PATHS[sdk=macosx*]" = "@executable_path/../Frameworks";
				MACOSX_DEPLOYMENT_TARGET = 26.0;
				MARKETING_VERSION = 1.0;
				PRODUCT_BUNDLE_IDENTIFIER = net.silex.MDView;
				PRODUCT_NAME = "$(TARGET_NAME)";
				REGISTER_APP_GROUPS = YES;
				SDKROOT = auto;
				STRING_CATALOG_GENERATE_SYMBOLS = YES;
				SUPPORTED_PLATFORMS = "iphoneos iphonesimulator macosx xros xrsimulator";
				SWIFT_DEFAULT_ACTOR_ISOLATION = MainActor;
				SWIFT_EMIT_LOC_STRINGS = YES;
				SWIFT_UPCOMING_FEATURE_MEMBER_IMPORT_VISIBILITY = YES;
				SWIFT_VERSION = 5.0;
				TARGETED_DEVICE_FAMILY = "1,2,7";
				XROS_DEPLOYMENT_TARGET = 26.0;
			};
			name = Debug;
		};
		EF66AA192E18F71500679843 /* Release */ = {
			isa = XCBuildConfiguration;
			buildSettings = {
				ASSETCATALOG_COMPILER_APPICON_NAME = AppIcon;
				ASSETCATALOG_COMPILER_GLOBAL_ACCENT_COLOR_NAME = AccentColor;
				CODE_SIGN_STYLE = Automatic;
				CURRENT_PROJECT_VERSION = 1;
				DEVELOPMENT_TEAM = AFN965WVDV;
				ENABLE_APP_SANDBOX = YES;
				ENABLE_HARDENED_RUNTIME = YES;
				ENABLE_PREVIEWS = YES;
				ENABLE_USER_SELECTED_FILES = readonly;
				GENERATE_INFOPLIST_FILE = YES;
				"INFOPLIST_KEY_UIApplicationSceneManifest_Generation[sdk=iphoneos*]" = YES;
				"INFOPLIST_KEY_UIApplicationSceneManifest_Generation[sdk=iphonesimulator*]" = YES;
				"INFOPLIST_KEY_UIApplicationSupportsIndirectInputEvents[sdk=iphoneos*]" = YES;
				"INFOPLIST_KEY_UIApplicationSupportsIndirectInputEvents[sdk=iphonesimulator*]" = YES;
				"INFOPLIST_KEY_UILaunchScreen_Generation[sdk=iphoneos*]" = YES;
				"INFOPLIST_KEY_UILaunchScreen_Generation[sdk=iphonesimulator*]" = YES;
				"INFOPLIST_KEY_UIStatusBarStyle[sdk=iphoneos*]" = UIStatusBarStyleDefault;
				"INFOPLIST_KEY_UIStatusBarStyle[sdk=iphonesimulator*]" = UIStatusBarStyleDefault;
				INFOPLIST_KEY_UISupportedInterfaceOrientations_iPad = "UIInterfaceOrientationPortrait UIInterfaceOrientationPortraitUpsideDown UIInterfaceOrientationLandscapeLeft UIInterfaceOrientationLandscapeRight";
				INFOPLIST_KEY_UISupportedInterfaceOrientations_iPhone = "UIInterfaceOrientationPortrait UIInterfaceOrientationLandscapeLeft UIInterfaceOrientationLandscapeRight";
				IPHONEOS_DEPLOYMENT_TARGET = 26.0;
				LD_RUNPATH_SEARCH_PATHS = "@executable_path/Frameworks";
				"LD_RUNPATH_SEARCH_PATHS[sdk=macosx*]" = "@executable_path/../Frameworks";
				MACOSX_DEPLOYMENT_TARGET = 26.0;
				MARKETING_VERSION = 1.0;
				PRODUCT_BUNDLE_IDENTIFIER = net.silex.MDView;
				PRODUCT_NAME = "$(TARGET_NAME)";
				REGISTER_APP_GROUPS = YES;
				SDKROOT = auto;
				STRING_CATALOG_GENERATE_SYMBOLS = YES;
				SUPPORTED_PLATFORMS = "iphoneos iphonesimulator macosx xros xrsimulator";
				SWIFT_DEFAULT_ACTOR_ISOLATION = MainActor;
				SWIFT_EMIT_LOC_STRINGS = YES;
				SWIFT_UPCOMING_FEATURE_MEMBER_IMPORT_VISIBILITY = YES;
				SWIFT_VERSION = 5.0;
				TARGETED_DEVICE_FAMILY = "1,2,7";
				XROS_DEPLOYMENT_TARGET = 26.0;
			};
			name = Release;
		};
/* End XCBuildConfiguration section */

/* Begin XCConfigurationList section */
		EF66AA072E18F71300679843 /* Build configuration list for PBXProject "MDView" */ = {
			isa = XCConfigurationList;
			buildConfigurations = (
				EF66AA152E18F71500679843 /* Debug */,
				EF66AA162E18F71500679843 /* Release */,
			);
			defaultConfigurationIsVisible = 0;
			defaultConfigurationName = Release;
		};
		EF66AA172E18F71500679843 /* Build configuration list for PBXNativeTarget "MDView" */ = {
			isa = XCConfigurationList;
			buildConfigurations = (
				EF66AA182E18F71500679843 /* Debug */,
				EF66AA192E18F71500679843 /* Release */,
			);
			defaultConfigurationIsVisible = 0;
			defaultConfigurationName = Release;
		};
/* End XCConfigurationList section */

/* Begin XCRemoteSwiftPackageReference section */
		EF2597A42E1A4D7800FA4F18 /* XCRemoteSwiftPackageReference "swift-markdown" */ = {
			isa = XCRemoteSwiftPackageReference;
			repositoryURL = "https://github.com/swiftlang/swift-markdown.git";
			requirement = {
				kind = upToNextMajorVersion;
				minimumVersion = 0.6.0;
			};
		};
		EFB0B1422E1998B400C2C218 /* XCRemoteSwiftPackageReference "Kingfisher" */ = {
			isa = XCRemoteSwiftPackageReference;
			repositoryURL = "https://github.com/onevcat/Kingfisher.git";
			requirement = {
				kind = upToNextMajorVersion;
				minimumVersion = 8.4.0;
			};
		};
/* End XCRemoteSwiftPackageReference section */

/* Begin XCSwiftPackageProductDependency section */
		EF2597A52E1A4D7800FA4F18 /* Markdown */ = {
			isa = XCSwiftPackageProductDependency;
			package = EF2597A42E1A4D7800FA4F18 /* XCRemoteSwiftPackageReference "swift-markdown" */;
			productName = Markdown;
		};
		EFB0B1432E1998B400C2C218 /* Kingfisher */ = {
			isa = XCSwiftPackageProductDependency;
			package = EFB0B1422E1998B400C2C218 /* XCRemoteSwiftPackageReference "Kingfisher" */;
			productName = Kingfisher;
		};
/* End XCSwiftPackageProductDependency section */
	};
	rootObject = EF66AA042E18F71300679843 /* Project object */;
}
